
Microsoft Visual Studio Solution File, Format Version 12.00
# Visual Studio Version 17
VisualStudioVersion = 17.11.35327.3
MinimumVisualStudioVersion = 10.0.40219.1
Project("{FAE04EC0-301F-11D3-BF4B-00C04F79EFBC}") = "Salagean_Andrei_Lab1", "Salagean_Andrei_Lab1.csproj", "{2861D6EE-8A19-4ABE-B631-9821CB4F991C}"
EndProject
Global
	GlobalSection(SolutionConfigurationPlatforms) = preSolution
		Debug|Any CPU = Debug|Any CPU
		Release|Any CPU = Release|Any CPU
	EndGlobalSection
	GlobalSection(ProjectConfigurationPlatforms) = postSolution
		{2861D6EE-8A19-4ABE-B631-9821CB4F991C}.Debug|Any CPU.ActiveCfg = Debug|Any CPU
		{2861D6EE-8A19-4ABE-B631-9821CB4F991C}.Debug|Any CPU.Build.0 = Debug|Any CPU
		{2861D6EE-8A19-4ABE-B631-9821CB4F991C}.Release|Any CPU.ActiveCfg = Release|Any CPU
		{2861D6EE-8A19-4ABE-B631-9821CB4F991C}.Release|Any CPU.Build.0 = Release|Any CPU
	EndGlobalSection
	GlobalSection(SolutionProperties) = preSolution
		HideSolutionNode = FALSE
	EndGlobalSection
	GlobalSection(ExtensibilityGlobals) = postSolution
		SolutionGuid = {F4DF7C08-0851-4017-9A55-91194A810461}
	EndGlobalSection
EndGlobal
